
Microsoft Visual Studio Solution File, Format Version 12.00
# Visual Studio 15
VisualStudioVersion = 15.0.28307.572
MinimumVisualStudioVersion = 10.0.40219.1
Project("{FAE04EC0-301F-11D3-BF4B-00C04F79EFBC}") = "B20 Ex03 Dekel 311354211 Amit 307956326", "B20 Ex03 Dekel 311354211 Amit 307956326\B20 Ex03 Dekel 311354211 Amit 307956326.csproj", "{6BE06794-113E-40E4-AA70-E1C8BF1B01DC}"
EndProject
Global
	GlobalSection(SolutionConfigurationPlatforms) = preSolution
		Debug|Any CPU = Debug|Any CPU
		Release|Any CPU = Release|Any CPU
	EndGlobalSection
	GlobalSection(ProjectConfigurationPlatforms) = postSolution
		{6BE06794-113E-40E4-AA70-E1C8BF1B01DC}.Debug|Any CPU.ActiveCfg = Debug|Any CPU
		{6BE06794-113E-40E4-AA70-E1C8BF1B01DC}.Debug|Any CPU.Build.0 = Debug|Any CPU
		{6BE06794-113E-40E4-AA70-E1C8BF1B01DC}.Release|Any CPU.ActiveCfg = Release|Any CPU
		{6BE06794-113E-40E4-AA70-E1C8BF1B01DC}.Release|Any CPU.Build.0 = Release|Any CPU
	EndGlobalSection
	GlobalSection(SolutionProperties) = preSolution
		HideSolutionNode = FALSE
	EndGlobalSection
	GlobalSection(ExtensibilityGlobals) = postSolution
		SolutionGuid = {16ED4CA2-0CE3-4D24-A8ED-158E5535811B}
	EndGlobalSection
EndGlobal
